
Microsoft Visual Studio Solution File, Format Version 10.00
# Visual C++ Express 2008
Project("{8BC9CEB8-8B4A-11D0-8D11-00A0C91BC942}") = "String Literal Converter", "String Literal Converter\String Literal Converter.vcproj", "{A49EE6FE-800E-42FA-99D1-1EE56474BBB2}"
EndProject
Global
	GlobalSection(SolutionConfigurationPlatforms) = preSolution
		Debug|Win32 = Debug|Win32
		Release|Win32 = Release|Win32
	EndGlobalSection
	GlobalSection(ProjectConfigurationPlatforms) = postSolution
		{A49EE6FE-800E-42FA-99D1-1EE56474BBB2}.Debug|Win32.ActiveCfg = Debug|Win32
		{A49EE6FE-800E-42FA-99D1-1EE56474BBB2}.Debug|Win32.Build.0 = Debug|Win32
		{A49EE6FE-800E-42FA-99D1-1EE56474BBB2}.Release|Win32.ActiveCfg = Release|Win32
		{A49EE6FE-800E-42FA-99D1-1EE56474BBB2}.Release|Win32.Build.0 = Release|Win32
	EndGlobalSection
	GlobalSection(SolutionProperties) = preSolution
		HideSolutionNode = FALSE
	EndGlobalSection
EndGlobal
